{
  "nodes": {
    "cmake-lint": {
      "flake": false,
      "locked": {
        "lastModified": 1715510348,
        "narHash": "sha256-/OuWwerBlJynEibaYo+jkLpHt4x9GZrqMRJNxgrDBlM=",
        "owner": "cmake-lint",
        "repo": "cmake-lint",
        "rev": "7c644095eb566fa805839ad53b733f7bcdb73032",
        "type": "github"
      },
      "original": {
        "owner": "cmake-lint",
        "repo": "cmake-lint",
        "type": "github"
      }
    },
    "conky": {
      "flake": false,
      "locked": {
        "lastModified": 1724949128,
        "narHash": "sha256-12yB7VsQdQcvk/C5Zq9op/XEb4XnbLU5+kkL4pL+qD4=",
        "owner": "brndnmtthws",
        "repo": "conky",
        "rev": "14622a8d9ba91629b0d6947ba66e354aca38f9d5",
        "type": "github"
      },
      "original": {
        "owner": "brndnmtthws",
        "repo": "conky",
        "type": "github"
      }
    },
    "flakelight": {
      "inputs": {
        "nixpkgs": [
          "nixpkgs"
        ]
      },
      "locked": {
        "lastModified": 1725280738,
        "narHash": "sha256-FfcUiJtiP0G+VQfuK5TmLAx4FChkIjKHuAeSdVn5ofE=",
        "owner": "nix-community",
        "repo": "flakelight",
        "rev": "18ee47a1e98da9b58c9eef358b75a44d236c1ba2",
        "type": "github"
      },
      "original": {
        "owner": "nix-community",
        "repo": "flakelight",
        "type": "github"
      }
    },
    "keyd": {
      "flake": false,
      "locked": {
        "lastModified": 1722127488,
        "narHash": "sha256-Csllis4Kl2/4E0yQVk/46ASX8fKIWECmH0rCOHhzxLg=",
        "owner": "rvaiya",
        "repo": "keyd",
        "rev": "393d341464fe567515e767bfae8167a38fa6fb3d",
        "type": "github"
      },
      "original": {
        "owner": "rvaiya",
        "repo": "keyd",
        "type": "github"
      }
    },
    "neovide": {
      "flake": false,
      "locked": {
        "lastModified": 1727893166,
        "narHash": "sha256-HFfKR27AQJ26Wn4jPMnYymTzr7Qo+AHRHet00F+1lyY=",
        "owner": "neovide",
        "repo": "neovide",
        "rev": "06bde1621ff2503ca20c1c0a079c1e6221adb8f2",
        "type": "github"
      },
      "original": {
        "owner": "neovide",
        "repo": "neovide",
        "type": "github"
      }
    },
    "neovide-skia": {
      "flake": false,
      "locked": {
        "lastModified": 1717251535,
        "narHash": "sha256-4l6ekAJy+pG27hBGT6A6LLRwbsyKinJf6PP6mMHwaAs=",
        "owner": "rust-skia",
        "repo": "skia",
        "rev": "30afe801ddfa98ec2444f391fad1d27a82891e4c",
        "type": "github"
      },
      "original": {
        "owner": "rust-skia",
        "ref": "m126-0.74.2",
        "repo": "skia",
        "type": "github"
      }
    },
    "nixpkgs": {
      "locked": {
        "lastModified": 1725194671,
        "narHash": "sha256-tLGCFEFTB5TaOKkpfw3iYT9dnk4awTP/q4w+ROpMfuw=",
        "owner": "NixOS",
        "repo": "nixpkgs",
        "rev": "b833ff01a0d694b910daca6e2ff4a3f26dee478c",
        "type": "github"
      },
      "original": {
        "id": "nixpkgs",
        "ref": "nixpkgs-unstable",
        "type": "indirect"
      }
    },
    "oama": {
      "flake": false,
      "locked": {
        "lastModified": 1719343196,
        "narHash": "sha256-ADtXgGq0h5wUiCGavHXGnPYsGjwxqrnD6NsSCA2bsME=",
        "owner": "pdobsan",
        "repo": "oama",
        "rev": "4e1ffd3001034771d284678f0160060c1871707c",
        "type": "github"
      },
      "original": {
        "owner": "pdobsan",
        "repo": "oama",
        "type": "github"
      }
    },
    "pidcat": {
      "flake": false,
      "locked": {
        "lastModified": 1643654136,
        "narHash": "sha256-exswTRhx89W22tynerd5Bg0Q4BxhV0KC05a+VCEqmL4=",
        "owner": "JakeWharton",
        "repo": "pidcat",
        "rev": "61cd1ee1beabfa14eb5fbe21eb90c192d96aebc5",
        "type": "github"
      },
      "original": {
        "owner": "JakeWharton",
        "repo": "pidcat",
        "type": "github"
      }
    },
    "root": {
      "inputs": {
        "cmake-lint": "cmake-lint",
        "conky": "conky",
        "flakelight": "flakelight",
        "keyd": "keyd",
        "neovide": "neovide",
        "neovide-skia": "neovide-skia",
        "nixpkgs": "nixpkgs",
        "oama": "oama",
        "pidcat": "pidcat",
        "simple-mpv-webui": "simple-mpv-webui",
        "svg-to-icons": "svg-to-icons"
      }
    },
    "simple-mpv-webui": {
      "flake": false,
      "locked": {
        "lastModified": 1699355035,
        "narHash": "sha256-oUtpqR9r1hq4U41P/n6QZQ5m4b4QWFmgGKCPC0c3dmc=",
        "owner": "open-dynaMIX",
        "repo": "simple-mpv-webui",
        "rev": "3c753450dd827d11eb6b6b8ff926e55af850478d",
        "type": "github"
      },
      "original": {
        "owner": "open-dynaMIX",
        "repo": "simple-mpv-webui",
        "type": "github"
      }
    },
    "svg-to-icons": {
      "flake": false,
      "locked": {
        "lastModified": 1704550556,
        "narHash": "sha256-H1H344ldyDeUui2j+sRWmEOIrTVltfljZ7wiYZe7reI=",
        "owner": "William-Owen",
        "repo": "svg-to-icons",
        "rev": "9b0d89e0cf6de432294b195656b4ac750e3821e9",
        "type": "github"
      },
      "original": {
        "owner": "William-Owen",
        "repo": "svg-to-icons",
        "type": "github"
      }
    }
  },
  "root": "root",
  "version": 7
}
