{
  "nodes": {
    "flakelight": {
      "inputs": {
        "nixpkgs": [
          "nixpkgs"
        ]
      },
      "locked": {
        "lastModified": 1716446665,
        "narHash": "sha256-FxkF8+lR51wt+beQWoFkJlH5hIM1/6lpr7G3KcFnERA=",
        "owner": "nix-community",
        "repo": "flakelight",
        "rev": "8f33d9c4fb1d7d8afc3de9145e3304a40aed1479",
        "type": "github"
      },
      "original": {
        "owner": "nix-community",
        "repo": "flakelight",
        "type": "github"
      }
    },
    "keyd": {
      "flake": false,
      "locked": {
        "lastModified": 1714779529,
        "narHash": "sha256-rPxC+amLHUM39aX03KIWClgz4oHtQZiQI6svEL2AzHA=",
        "owner": "rvaiya",
        "repo": "keyd",
        "rev": "02c77af7861a28927cc948d93e5477198bc0c933",
        "type": "github"
      },
      "original": {
        "owner": "rvaiya",
        "repo": "keyd",
        "type": "github"
      }
    },
    "neovide": {
      "flake": false,
      "locked": {
        "lastModified": 1716397516,
        "narHash": "sha256-dfIhybdn4dAAfQl095CStVZ5X1RCwXsJyjKzPUnchy4=",
        "owner": "neovide",
        "repo": "neovide",
        "rev": "904a573cdbcc319b58d94a4a83fda4294d2887be",
        "type": "github"
      },
      "original": {
        "owner": "neovide",
        "repo": "neovide",
        "type": "github"
      }
    },
    "neovide-skia": {
      "flake": false,
      "locked": {
        "lastModified": 1712927001,
        "narHash": "sha256-zlHUJUXukE4CsXwwmVl3KHf9mnNPT8lC/ETEE15Gb4s=",
        "owner": "rust-skia",
        "repo": "skia",
        "rev": "d0410d4e6f703f06f6adc2b3793b284aeb23b0e9",
        "type": "github"
      },
      "original": {
        "owner": "rust-skia",
        "ref": "m124-0.72.3",
        "repo": "skia",
        "type": "github"
      }
    },
    "nixpkgs": {
      "locked": {
        "lastModified": 1716358718,
        "narHash": "sha256-NQbegJb2ZZnAqp2EJhWwTf6DrZXSpA6xZCEq+RGV1r0=",
        "owner": "NixOS",
        "repo": "nixpkgs",
        "rev": "3f316d2a50699a78afe5e77ca486ad553169061e",
        "type": "github"
      },
      "original": {
        "id": "nixpkgs",
        "ref": "nixpkgs-unstable",
        "type": "indirect"
      }
    },
    "root": {
      "inputs": {
        "flakelight": "flakelight",
        "keyd": "keyd",
        "neovide": "neovide",
        "neovide-skia": "neovide-skia",
        "nixpkgs": "nixpkgs"
      }
    }
  },
  "root": "root",
  "version": 7
}
